
Microsoft Visual Studio Solution File, Format Version 12.00
# Visual Studio 15
VisualStudioVersion = 15.0.28307.329
MinimumVisualStudioVersion = 10.0.40219.1
Project("{FAE04EC0-301F-11D3-BF4B-00C04F79EFBC}") = "WebAppTagHelperPrj", "WebAppTagHelperPrj\WebAppTagHelperPrj.csproj", "{6B42E295-A037-4F83-9B3E-D91E640B9B51}"
EndProject
Global
	GlobalSection(SolutionConfigurationPlatforms) = preSolution
		Debug|Any CPU = Debug|Any CPU
		Release|Any CPU = Release|Any CPU
	EndGlobalSection
	GlobalSection(ProjectConfigurationPlatforms) = postSolution
		{6B42E295-A037-4F83-9B3E-D91E640B9B51}.Debug|Any CPU.ActiveCfg = Debug|Any CPU
		{6B42E295-A037-4F83-9B3E-D91E640B9B51}.Debug|Any CPU.Build.0 = Debug|Any CPU
		{6B42E295-A037-4F83-9B3E-D91E640B9B51}.Release|Any CPU.ActiveCfg = Release|Any CPU
		{6B42E295-A037-4F83-9B3E-D91E640B9B51}.Release|Any CPU.Build.0 = Release|Any CPU
	EndGlobalSection
	GlobalSection(SolutionProperties) = preSolution
		HideSolutionNode = FALSE
	EndGlobalSection
	GlobalSection(ExtensibilityGlobals) = postSolution
		SolutionGuid = {585010EE-40C9-4C20-B8E3-89BA0CBE5B6C}
	EndGlobalSection
EndGlobal
